// !$*UTF8*$!
{
	archiveVersion = 1;
	classes = {
	};
	objectVersion = 48;
	objects = {

/* Begin PBXBuildFile section */
		753D54A820990B2700790141 /* CDApp.xcdatamodeld in Sources */ = {isa = PBXBuildFile; fileRef = 753D54A620990B2700790141 /* CDApp.xcdatamodeld */; };
		753D54AB2099237400790141 /* UIViewController+CoreData.swift in Sources */ = {isa = PBXBuildFile; fileRef = 753D54AA2099237400790141 /* UIViewController+CoreData.swift */; };
		75759B63209E023700A7D0D5 /* Settings.bundle in Resources */ = {isa = PBXBuildFile; fileRef = 75759B62209E023700A7D0D5 /* Settings.bundle */; };
		AC70D7EE208E98A40025287B /* AppDelegate.swift in Sources */ = {isa = PBXBuildFile; fileRef = AC70D7ED208E98A40025287B /* AppDelegate.swift */; };
		AC70D7F0208E98A40025287B /* SettingsController.swift in Sources */ = {isa = PBXBuildFile; fileRef = AC70D7EF208E98A40025287B /* SettingsController.swift */; };
		AC70D7F3208E98A40025287B /* Main.storyboard in Resources */ = {isa = PBXBuildFile; fileRef = AC70D7F1208E98A40025287B /* Main.storyboard */; };
		AC70D7F5208E98A40025287B /* Assets.xcassets in Resources */ = {isa = PBXBuildFile; fileRef = AC70D7F4208E98A40025287B /* Assets.xcassets */; };
		AC70D7F8208E98A40025287B /* LaunchScreen.storyboard in Resources */ = {isa = PBXBuildFile; fileRef = AC70D7F6208E98A40025287B /* LaunchScreen.storyboard */; };
		AC70D801208EBF7F0025287B /* ComprasTableViewController.swift in Sources */ = {isa = PBXBuildFile; fileRef = AC70D800208EBF7F0025287B /* ComprasTableViewController.swift */; };
		AC70D803208EBFBC0025287B /* CadastroViewController.swift in Sources */ = {isa = PBXBuildFile; fileRef = AC70D802208EBFBC0025287B /* CadastroViewController.swift */; };
		AC70D805208EBFE80025287B /* TotalViewController.swift in Sources */ = {isa = PBXBuildFile; fileRef = AC70D804208EBFE80025287B /* TotalViewController.swift */; };
/* End PBXBuildFile section */

/* Begin PBXFileReference section */
		753D54A720990B2700790141 /* CDApp.xcdatamodel */ = {isa = PBXFileReference; lastKnownFileType = wrapper.xcdatamodel; path = CDApp.xcdatamodel; sourceTree = "<group>"; };
		753D54AA2099237400790141 /* UIViewController+CoreData.swift */ = {isa = PBXFileReference; lastKnownFileType = sourcecode.swift; path = "UIViewController+CoreData.swift"; sourceTree = "<group>"; };
		75759B62209E023700A7D0D5 /* Settings.bundle */ = {isa = PBXFileReference; lastKnownFileType = "wrapper.plug-in"; path = Settings.bundle; sourceTree = "<group>"; };
		AC70D7EA208E98A40025287B /* hermivaldo_vinicios.app */ = {isa = PBXFileReference; explicitFileType = wrapper.application; includeInIndex = 0; path = hermivaldo_vinicios.app; sourceTree = BUILT_PRODUCTS_DIR; };
		AC70D7ED208E98A40025287B /* AppDelegate.swift */ = {isa = PBXFileReference; lastKnownFileType = sourcecode.swift; path = AppDelegate.swift; sourceTree = "<group>"; };
		AC70D7EF208E98A40025287B /* SettingsController.swift */ = {isa = PBXFileReference; lastKnownFileType = sourcecode.swift; path = SettingsController.swift; sourceTree = "<group>"; };
		AC70D7F2208E98A40025287B /* Base */ = {isa = PBXFileReference; lastKnownFileType = file.storyboard; name = Base; path = Base.lproj/Main.storyboard; sourceTree = "<group>"; };
		AC70D7F4208E98A40025287B /* Assets.xcassets */ = {isa = PBXFileReference; lastKnownFileType = folder.assetcatalog; path = Assets.xcassets; sourceTree = "<group>"; };
		AC70D7F7208E98A40025287B /* Base */ = {isa = PBXFileReference; lastKnownFileType = file.storyboard; name = Base; path = Base.lproj/LaunchScreen.storyboard; sourceTree = "<group>"; };
		AC70D7F9208E98A40025287B /* Info.plist */ = {isa = PBXFileReference; lastKnownFileType = text.plist.xml; path = Info.plist; sourceTree = "<group>"; };
		AC70D800208EBF7F0025287B /* ComprasTableViewController.swift */ = {isa = PBXFileReference; lastKnownFileType = sourcecode.swift; path = ComprasTableViewController.swift; sourceTree = "<group>"; };
		AC70D802208EBFBC0025287B /* CadastroViewController.swift */ = {isa = PBXFileReference; lastKnownFileType = sourcecode.swift; path = CadastroViewController.swift; sourceTree = "<group>"; };
		AC70D804208EBFE80025287B /* TotalViewController.swift */ = {isa = PBXFileReference; lastKnownFileType = sourcecode.swift; path = TotalViewController.swift; sourceTree = "<group>"; };
/* End PBXFileReference section */

/* Begin PBXFrameworksBuildPhase section */
		AC70D7E7208E98A40025287B /* Frameworks */ = {
			isa = PBXFrameworksBuildPhase;
			buildActionMask = 2147483647;
			files = (
			);
			runOnlyForDeploymentPostprocessing = 0;
		};
/* End PBXFrameworksBuildPhase section */

/* Begin PBXGroup section */
		753D54A92099236100790141 /* util */ = {
			isa = PBXGroup;
			children = (
				753D54AA2099237400790141 /* UIViewController+CoreData.swift */,
			);
			path = util;
			sourceTree = "<group>";
		};
		AC70D7E1208E98A40025287B = {
			isa = PBXGroup;
			children = (
				AC70D7EC208E98A40025287B /* hermivaldo_vinicios */,
				AC70D7EB208E98A40025287B /* Products */,
			);
			sourceTree = "<group>";
		};
		AC70D7EB208E98A40025287B /* Products */ = {
			isa = PBXGroup;
			children = (
				AC70D7EA208E98A40025287B /* hermivaldo_vinicios.app */,
			);
			name = Products;
			sourceTree = "<group>";
		};
		AC70D7EC208E98A40025287B /* hermivaldo_vinicios */ = {
			isa = PBXGroup;
			children = (
				753D54A92099236100790141 /* util */,
				753D54A620990B2700790141 /* CDApp.xcdatamodeld */,
				AC70D7ED208E98A40025287B /* AppDelegate.swift */,
				AC70D7FF208EBF010025287B /* Controllers */,
				AC70D7F1208E98A40025287B /* Main.storyboard */,
				AC70D7F4208E98A40025287B /* Assets.xcassets */,
				AC70D7F6208E98A40025287B /* LaunchScreen.storyboard */,
				AC70D7F9208E98A40025287B /* Info.plist */,
				75759B62209E023700A7D0D5 /* Settings.bundle */,
			);
			path = hermivaldo_vinicios;
			sourceTree = "<group>";
		};
		AC70D7FF208EBF010025287B /* Controllers */ = {
			isa = PBXGroup;
			children = (
				AC70D7EF208E98A40025287B /* SettingsController.swift */,
				AC70D800208EBF7F0025287B /* ComprasTableViewController.swift */,
				AC70D802208EBFBC0025287B /* CadastroViewController.swift */,
				AC70D804208EBFE80025287B /* TotalViewController.swift */,
			);
			path = Controllers;
			sourceTree = "<group>";
		};
/* End PBXGroup section */

/* Begin PBXNativeTarget section */
		AC70D7E9208E98A40025287B /* hermivaldo_vinicios */ = {
			isa = PBXNativeTarget;
			buildConfigurationList = AC70D7FC208E98A40025287B /* Build configuration list for PBXNativeTarget "hermivaldo_vinicios" */;
			buildPhases = (
				AC70D7E6208E98A40025287B /* Sources */,
				AC70D7E7208E98A40025287B /* Frameworks */,
				AC70D7E8208E98A40025287B /* Resources */,
			);
			buildRules = (
			);
			dependencies = (
			);
			name = hermivaldo_vinicios;
			productName = hermivaldo_vinicios;
			productReference = AC70D7EA208E98A40025287B /* hermivaldo_vinicios.app */;
			productType = "com.apple.product-type.application";
		};
/* End PBXNativeTarget section */

/* Begin PBXProject section */
		AC70D7E2208E98A40025287B /* Project object */ = {
			isa = PBXProject;
			attributes = {
				LastSwiftUpdateCheck = 0920;
				LastUpgradeCheck = 0930;
				ORGANIZATIONNAME = fiap;
				TargetAttributes = {
					AC70D7E9208E98A40025287B = {
						CreatedOnToolsVersion = 9.2;
						ProvisioningStyle = Automatic;
					};
				};
			};
			buildConfigurationList = AC70D7E5208E98A40025287B /* Build configuration list for PBXProject "hermivaldo_vinicios" */;
			compatibilityVersion = "Xcode 8.0";
			developmentRegion = en;
			hasScannedForEncodings = 0;
			knownRegions = (
				en,
				Base,
			);
			mainGroup = AC70D7E1208E98A40025287B;
			productRefGroup = AC70D7EB208E98A40025287B /* Products */;
			projectDirPath = "";
			projectRoot = "";
			targets = (
				AC70D7E9208E98A40025287B /* hermivaldo_vinicios */,
			);
		};
/* End PBXProject section */

/* Begin PBXResourcesBuildPhase section */
		AC70D7E8208E98A40025287B /* Resources */ = {
			isa = PBXResourcesBuildPhase;
			buildActionMask = 2147483647;
			files = (
				75759B63209E023700A7D0D5 /* Settings.bundle in Resources */,
				AC70D7F8208E98A40025287B /* LaunchScreen.storyboard in Resources */,
				AC70D7F5208E98A40025287B /* Assets.xcassets in Resources */,
				AC70D7F3208E98A40025287B /* Main.storyboard in Resources */,
			);
			runOnlyForDeploymentPostprocessing = 0;
		};
/* End PBXResourcesBuildPhase section */

/* Begin PBXSourcesBuildPhase section */
		AC70D7E6208E98A40025287B /* Sources */ = {
			isa = PBXSourcesBuildPhase;
			buildActionMask = 2147483647;
			files = (
				753D54A820990B2700790141 /* CDApp.xcdatamodeld in Sources */,
				AC70D7F0208E98A40025287B /* SettingsController.swift in Sources */,
				AC70D801208EBF7F0025287B /* ComprasTableViewController.swift in Sources */,
				AC70D7EE208E98A40025287B /* AppDelegate.swift in Sources */,
				753D54AB2099237400790141 /* UIViewController+CoreData.swift in Sources */,
				AC70D805208EBFE80025287B /* TotalViewController.swift in Sources */,
				AC70D803208EBFBC0025287B /* CadastroViewController.swift in Sources */,
			);
			runOnlyForDeploymentPostprocessing = 0;
		};
/* End PBXSourcesBuildPhase section */

/* Begin PBXVariantGroup section */
		AC70D7F1208E98A40025287B /* Main.storyboard */ = {
			isa = PBXVariantGroup;
			children = (
				AC70D7F2208E98A40025287B /* Base */,
			);
			name = Main.storyboard;
			sourceTree = "<group>";
		};
		AC70D7F6208E98A40025287B /* LaunchScreen.storyboard */ = {
			isa = PBXVariantGroup;
			children = (
				AC70D7F7208E98A40025287B /* Base */,
			);
			name = LaunchScreen.storyboard;
			sourceTree = "<group>";
		};
/* End PBXVariantGroup section */

/* Begin XCBuildConfiguration section */
		AC70D7FA208E98A40025287B /* Debug */ = {
			isa = XCBuildConfiguration;
			buildSettings = {
				ALWAYS_SEARCH_USER_PATHS = NO;
				CLANG_ANALYZER_NONNULL = YES;
				CLANG_ANALYZER_NUMBER_OBJECT_CONVERSION = YES_AGGRESSIVE;
				CLANG_CXX_LANGUAGE_STANDARD = "gnu++14";
				CLANG_CXX_LIBRARY = "libc++";
				CLANG_ENABLE_MODULES = YES;
				CLANG_ENABLE_OBJC_ARC = YES;
				CLANG_WARN_BLOCK_CAPTURE_AUTORELEASING = YES;
				CLANG_WARN_BOOL_CONVERSION = YES;
				CLANG_WARN_COMMA = YES;
				CLANG_WARN_CONSTANT_CONVERSION = YES;
				CLANG_WARN_DEPRECATED_OBJC_IMPLEMENTATIONS = YES;
				CLANG_WARN_DIRECT_OBJC_ISA_USAGE = YES_ERROR;
				CLANG_WARN_DOCUMENTATION_COMMENTS = YES;
				CLANG_WARN_EMPTY_BODY = YES;
				CLANG_WARN_ENUM_CONVERSION = YES;
				CLANG_WARN_INFINITE_RECURSION = YES;
				CLANG_WARN_INT_CONVERSION = YES;
				CLANG_WARN_NON_LITERAL_NULL_CONVERSION = YES;
				CLANG_WARN_OBJC_IMPLICIT_RETAIN_SELF = YES;
				CLANG_WARN_OBJC_LITERAL_CONVERSION = YES;
				CLANG_WARN_OBJC_ROOT_CLASS = YES_ERROR;
				CLANG_WARN_RANGE_LOOP_ANALYSIS = YES;
				CLANG_WARN_STRICT_PROTOTYPES = YES;
				CLANG_WARN_SUSPICIOUS_MOVE = YES;
				CLANG_WARN_UNGUARDED_AVAILABILITY = YES_AGGRESSIVE;
				CLANG_WARN_UNREACHABLE_CODE = YES;
				CLANG_WARN__DUPLICATE_METHOD_MATCH = YES;
				CODE_SIGN_IDENTITY = "iPhone Developer";
				COPY_PHASE_STRIP = NO;
				DEBUG_INFORMATION_FORMAT = dwarf;
				ENABLE_STRICT_OBJC_MSGSEND = YES;
				ENABLE_TESTABILITY = YES;
				GCC_C_LANGUAGE_STANDARD = gnu11;
				GCC_DYNAMIC_NO_PIC = NO;
				GCC_NO_COMMON_BLOCKS = YES;
				GCC_OPTIMIZATION_LEVEL = 0;
				GCC_PREPROCESSOR_DEFINITIONS = (
					"DEBUG=1",
					"$(inherited)",
				);
				GCC_WARN_64_TO_32_BIT_CONVERSION = YES;
				GCC_WARN_ABOUT_RETURN_TYPE = YES_ERROR;
				GCC_WARN_UNDECLARED_SELECTOR = YES;
				GCC_WARN_UNINITIALIZED_AUTOS = YES_AGGRESSIVE;
				GCC_WARN_UNUSED_FUNCTION = YES;
				GCC_WARN_UNUSED_VARIABLE = YES;
				IPHONEOS_DEPLOYMENT_TARGET = 11.3;
				MTL_ENABLE_DEBUG_INFO = YES;
				ONLY_ACTIVE_ARCH = YES;
				SDKROOT = iphoneos;
				SWIFT_ACTIVE_COMPILATION_CONDITIONS = DEBUG;
				SWIFT_OPTIMIZATION_LEVEL = "-Onone";
			};
			name = Debug;
		};
		AC70D7FB208E98A40025287B /* Release */ = {
			isa = XCBuildConfiguration;
			buildSettings = {
				ALWAYS_SEARCH_USER_PATHS = NO;
				CLANG_ANALYZER_NONNULL = YES;
				CLANG_ANALYZER_NUMBER_OBJECT_CONVERSION = YES_AGGRESSIVE;
				CLANG_CXX_LANGUAGE_STANDARD = "gnu++14";
				CLANG_CXX_LIBRARY = "libc++";
				CLANG_ENABLE_MODULES = YES;
				CLANG_ENABLE_OBJC_ARC = YES;
				CLANG_WARN_BLOCK_CAPTURE_AUTORELEASING = YES;
				CLANG_WARN_BOOL_CONVERSION = YES;
				CLANG_WARN_COMMA = YES;
				CLANG_WARN_CONSTANT_CONVERSION = YES;
				CLANG_WARN_DEPRECATED_OBJC_IMPLEMENTATIONS = YES;
				CLANG_WARN_DIRECT_OBJC_ISA_USAGE = YES_ERROR;
				CLANG_WARN_DOCUMENTATION_COMMENTS = YES;
				CLANG_WARN_EMPTY_BODY = YES;
				CLANG_WARN_ENUM_CONVERSION = YES;
				CLANG_WARN_INFINITE_RECURSION = YES;
				CLANG_WARN_INT_CONVERSION = YES;
				CLANG_WARN_NON_LITERAL_NULL_CONVERSION = YES;
				CLANG_WARN_OBJC_IMPLICIT_RETAIN_SELF = YES;
				CLANG_WARN_OBJC_LITERAL_CONVERSION = YES;
				CLANG_WARN_OBJC_ROOT_CLASS = YES_ERROR;
				CLANG_WARN_RANGE_LOOP_ANALYSIS = YES;
				CLANG_WARN_STRICT_PROTOTYPES = YES;
				CLANG_WARN_SUSPICIOUS_MOVE = YES;
				CLANG_WARN_UNGUARDED_AVAILABILITY = YES_AGGRESSIVE;
				CLANG_WARN_UNREACHABLE_CODE = YES;
				CLANG_WARN__DUPLICATE_METHOD_MATCH = YES;
				CODE_SIGN_IDENTITY = "iPhone Developer";
				COPY_PHASE_STRIP = NO;
				DEBUG_INFORMATION_FORMAT = "dwarf-with-dsym";
				ENABLE_NS_ASSERTIONS = NO;
				ENABLE_STRICT_OBJC_MSGSEND = YES;
				GCC_C_LANGUAGE_STANDARD = gnu11;
				GCC_NO_COMMON_BLOCKS = YES;
				GCC_WARN_64_TO_32_BIT_CONVERSION = YES;
				GCC_WARN_ABOUT_RETURN_TYPE = YES_ERROR;
				GCC_WARN_UNDECLARED_SELECTOR = YES;
				GCC_WARN_UNINITIALIZED_AUTOS = YES_AGGRESSIVE;
				GCC_WARN_UNUSED_FUNCTION = YES;
				GCC_WARN_UNUSED_VARIABLE = YES;
				IPHONEOS_DEPLOYMENT_TARGET = 11.3;
				MTL_ENABLE_DEBUG_INFO = NO;
				SDKROOT = iphoneos;
				SWIFT_OPTIMIZATION_LEVEL = "-Owholemodule";
				VALIDATE_PRODUCT = YES;
			};
			name = Release;
		};
		AC70D7FD208E98A40025287B /* Debug */ = {
			isa = XCBuildConfiguration;
			buildSettings = {
				ASSETCATALOG_COMPILER_APPICON_NAME = AppIcon;
				CODE_SIGN_STYLE = Automatic;
				DEVELOPMENT_TEAM = 6A223KBZV7;
				INFOPLIST_FILE = hermivaldo_vinicios/Info.plist;
				LD_RUNPATH_SEARCH_PATHS = "$(inherited) @executable_path/Frameworks";
				PRODUCT_BUNDLE_IDENTIFIER = "br.com.hermivaldo.hermivaldo-vinicios";
				PRODUCT_NAME = "$(TARGET_NAME)";
				SWIFT_VERSION = 4.0;
				TARGETED_DEVICE_FAMILY = "1,2";
			};
			name = Debug;
		};
		AC70D7FE208E98A40025287B /* Release */ = {
			isa = XCBuildConfiguration;
			buildSettings = {
				ASSETCATALOG_COMPILER_APPICON_NAME = AppIcon;
				CODE_SIGN_STYLE = Automatic;
				DEVELOPMENT_TEAM = 6A223KBZV7;
				INFOPLIST_FILE = hermivaldo_vinicios/Info.plist;
				LD_RUNPATH_SEARCH_PATHS = "$(inherited) @executable_path/Frameworks";
				PRODUCT_BUNDLE_IDENTIFIER = "br.com.hermivaldo.hermivaldo-vinicios";
				PRODUCT_NAME = "$(TARGET_NAME)";
				SWIFT_VERSION = 4.0;
				TARGETED_DEVICE_FAMILY = "1,2";
			};
			name = Release;
		};
/* End XCBuildConfiguration section */

/* Begin XCConfigurationList section */
		AC70D7E5208E98A40025287B /* Build configuration list for PBXProject "hermivaldo_vinicios" */ = {
			isa = XCConfigurationList;
			buildConfigurations = (
				AC70D7FA208E98A40025287B /* Debug */,
				AC70D7FB208E98A40025287B /* Release */,
			);
			defaultConfigurationIsVisible = 0;
			defaultConfigurationName = Release;
		};
		AC70D7FC208E98A40025287B /* Build configuration list for PBXNativeTarget "hermivaldo_vinicios" */ = {
			isa = XCConfigurationList;
			buildConfigurations = (
				AC70D7FD208E98A40025287B /* Debug */,
				AC70D7FE208E98A40025287B /* Release */,
			);
			defaultConfigurationIsVisible = 0;
			defaultConfigurationName = Release;
		};
/* End XCConfigurationList section */

/* Begin XCVersionGroup section */
		753D54A620990B2700790141 /* CDApp.xcdatamodeld */ = {
			isa = XCVersionGroup;
			children = (
				753D54A720990B2700790141 /* CDApp.xcdatamodel */,
			);
			currentVersion = 753D54A720990B2700790141 /* CDApp.xcdatamodel */;
			path = CDApp.xcdatamodeld;
			sourceTree = "<group>";
			versionGroupType = wrapper.xcdatamodel;
		};
/* End XCVersionGroup section */
	};
	rootObject = AC70D7E2208E98A40025287B /* Project object */;
}
